
Microsoft Visual Studio Solution File, Format Version 12.00
# Visual Studio Version 17
VisualStudioVersion = 17.8.34525.116
MinimumVisualStudioVersion = 10.0.40219.1
Project("{FAE04EC0-301F-11D3-BF4B-00C04F79EFBC}") = "PrimeiroProjeto", "PrimeiroProjeto\PrimeiroProjeto.csproj", "{08C75238-8EF3-4C6E-BFDD-D81F5AE7A361}"
EndProject
Global
	GlobalSection(SolutionConfigurationPlatforms) = preSolution
		Debug|Any CPU = Debug|Any CPU
		Release|Any CPU = Release|Any CPU
	EndGlobalSection
	GlobalSection(ProjectConfigurationPlatforms) = postSolution
		{08C75238-8EF3-4C6E-BFDD-D81F5AE7A361}.Debug|Any CPU.ActiveCfg = Debug|Any CPU
		{08C75238-8EF3-4C6E-BFDD-D81F5AE7A361}.Debug|Any CPU.Build.0 = Debug|Any CPU
		{08C75238-8EF3-4C6E-BFDD-D81F5AE7A361}.Release|Any CPU.ActiveCfg = Release|Any CPU
		{08C75238-8EF3-4C6E-BFDD-D81F5AE7A361}.Release|Any CPU.Build.0 = Release|Any CPU
	EndGlobalSection
	GlobalSection(SolutionProperties) = preSolution
		HideSolutionNode = FALSE
	EndGlobalSection
	GlobalSection(ExtensibilityGlobals) = postSolution
		SolutionGuid = {CDE7143E-FF82-4B4A-A5CF-46F450DAD194}
	EndGlobalSection
EndGlobal
